
Microsoft Visual Studio Solution File, Format Version 12.00
# Visual Studio Version 17
VisualStudioVersion = 17.11.35327.3
MinimumVisualStudioVersion = 10.0.40219.1
Project("{9A19103F-16F7-4668-BE54-9A1E7A4F7556}") = "CompresorPDF", "CompresorPDF.csproj", "{F736E8DF-FBF1-4FB4-AB4F-9A4E2FC970D4}"
EndProject
Project("{930C7802-8A8C-48F9-8165-68863BCCD9DD}") = "InstaladorCompressor", "..\InstaladorCompressor\InstaladorCompressor.wixproj", "{07D13025-9F2B-4B71-B431-770204245812}"
EndProject
Global
	GlobalSection(SolutionConfigurationPlatforms) = preSolution
		Debug|Any CPU = Debug|Any CPU
		Debug|x86 = Debug|x86
		Release|Any CPU = Release|Any CPU
		Release|x86 = Release|x86
	EndGlobalSection
	GlobalSection(ProjectConfigurationPlatforms) = postSolution
		{F736E8DF-FBF1-4FB4-AB4F-9A4E2FC970D4}.Debug|Any CPU.ActiveCfg = Debug|Any CPU
		{F736E8DF-FBF1-4FB4-AB4F-9A4E2FC970D4}.Debug|Any CPU.Build.0 = Debug|Any CPU
		{F736E8DF-FBF1-4FB4-AB4F-9A4E2FC970D4}.Debug|x86.ActiveCfg = Debug|Any CPU
		{F736E8DF-FBF1-4FB4-AB4F-9A4E2FC970D4}.Debug|x86.Build.0 = Debug|Any CPU
		{F736E8DF-FBF1-4FB4-AB4F-9A4E2FC970D4}.Release|Any CPU.ActiveCfg = Release|Any CPU
		{F736E8DF-FBF1-4FB4-AB4F-9A4E2FC970D4}.Release|Any CPU.Build.0 = Release|Any CPU
		{F736E8DF-FBF1-4FB4-AB4F-9A4E2FC970D4}.Release|x86.ActiveCfg = Release|Any CPU
		{F736E8DF-FBF1-4FB4-AB4F-9A4E2FC970D4}.Release|x86.Build.0 = Release|Any CPU
		{07D13025-9F2B-4B71-B431-770204245812}.Debug|Any CPU.ActiveCfg = Debug|x86
		{07D13025-9F2B-4B71-B431-770204245812}.Debug|Any CPU.Build.0 = Debug|x86
		{07D13025-9F2B-4B71-B431-770204245812}.Debug|x86.ActiveCfg = Debug|x86
		{07D13025-9F2B-4B71-B431-770204245812}.Debug|x86.Build.0 = Debug|x86
		{07D13025-9F2B-4B71-B431-770204245812}.Release|Any CPU.ActiveCfg = Release|x86
		{07D13025-9F2B-4B71-B431-770204245812}.Release|Any CPU.Build.0 = Release|x86
		{07D13025-9F2B-4B71-B431-770204245812}.Release|x86.ActiveCfg = Release|x86
		{07D13025-9F2B-4B71-B431-770204245812}.Release|x86.Build.0 = Release|x86
	EndGlobalSection
	GlobalSection(SolutionProperties) = preSolution
		HideSolutionNode = FALSE
	EndGlobalSection
	GlobalSection(ExtensibilityGlobals) = postSolution
		SolutionGuid = {F69C98D6-D18E-4BB9-989A-25C8D1312105}
	EndGlobalSection
EndGlobal
